
Microsoft Visual Studio Solution File, Format Version 12.00
# Visual Studio Version 17
VisualStudioVersion = 17.5.002.0
MinimumVisualStudioVersion = 10.0.40219.1
Project("{9A19103F-16F7-4668-BE54-9A1E7A4F7556}") = "Notes App", "Notes App.csproj", "{D637D186-0CAA-4E31-85B1-86B5602C5C0E}"
EndProject
Global
	GlobalSection(SolutionConfigurationPlatforms) = preSolution
		Debug|Any CPU = Debug|Any CPU
		Release|Any CPU = Release|Any CPU
	EndGlobalSection
	GlobalSection(ProjectConfigurationPlatforms) = postSolution
		{D637D186-0CAA-4E31-85B1-86B5602C5C0E}.Debug|Any CPU.ActiveCfg = Debug|Any CPU
		{D637D186-0CAA-4E31-85B1-86B5602C5C0E}.Debug|Any CPU.Build.0 = Debug|Any CPU
		{D637D186-0CAA-4E31-85B1-86B5602C5C0E}.Release|Any CPU.ActiveCfg = Release|Any CPU
		{D637D186-0CAA-4E31-85B1-86B5602C5C0E}.Release|Any CPU.Build.0 = Release|Any CPU
	EndGlobalSection
	GlobalSection(SolutionProperties) = preSolution
		HideSolutionNode = FALSE
	EndGlobalSection
	GlobalSection(ExtensibilityGlobals) = postSolution
		SolutionGuid = {63D74AE5-4901-42F1-895D-2BE494F9BE98}
	EndGlobalSection
EndGlobal
